lockfileVersion: '9.0'

settings:
  autoInstallPeers: true
  excludeLinksFromLockfile: false

importers:

  .:
    dependencies:
      '@react-email/components':
        specifier: ^1.0.12
        version: 1.0.12(react-dom@19.2.5(react@19.2.5))(react@19.2.5)
      react:
        specifier: ^19.0.0
        version: 19.2.5
      react-dom:
        specifier: ^19.0.0
        version: 19.2.5(react@19.2.5)
      resend:
        specifier: ^4.0.0
        version: 4.8.0(react-dom@19.2.5(react@19.2.5))(react@19.2.5)
    devDependencies:
      '@types/node':
        specifier: ^22.10.1
        version: 22.19.17
      '@types/react':
        specifier: ^19.0.2
        version: 19.2.14
      typescript:
        specifier: ^5.7.2
        version: 5.9.3

packages:

  '@react-email/body@0.3.0':
    resolution: {integrity: sha512-uGo0BOOzjbMUo3lu+BIDWayvn5o6Xyfmnlla5VGf05n8gHMvO1ll7U4FtzWe3hxMLwt53pmc4iE0M+B5slG+Ug==}
    engines: {node: '>=20.0.0'}
    deprecated: Package no longer supported. Contact Support at https://www.npmjs.com/support for more info.
    peerDependencies:
      react: ^18.0 || ^19.0 || ^19.0.0-rc

  '@react-email/button@0.2.1':
    resolution: {integrity: sha512-qXyj7RZLE7POy9BMKSoqQ00tOXThjOZSUnI2Yu9i29IHngPlmrNayIWBoVKtElES7OWwypUcpiajwi1mUWx6/A==}
    engines: {node: '>=20.0.0'}
    deprecated: Package no longer supported. Contact Support at https://www.npmjs.com/support for more info.
    peerDependencies:
      react: ^18.0 || ^19.0 || ^19.0.0-rc

  '@react-email/code-block@0.2.1':
    resolution: {integrity: sha512-M3B7JpVH4ytgn83/ujRR1k1DQHvTeABiDM61OvAbjLRPhC/5KLHU5KkzIbbuGIrjWwxAbL1kSQzU8MhLEtSxyw==}
    engines: {node: '>=20.0.0'}
    deprecated: Package no longer supported. Contact Support at https://www.npmjs.com/support for more info.
    peerDependencies:
      react: ^18.0 || ^19.0 || ^19.0.0-rc

  '@react-email/code-inline@0.0.6':
    resolution: {integrity: sha512-jfhebvv3dVsp3OdPgKXnk8+e2pBiDVZejDOBFzBa/IblrAJ9cQDkN6rBD5IyEg8hTOxwbw3iaI/yZFmDmIguIA==}
    engines: {node: '>=20.0.0'}
    deprecated: Package no longer supported. Contact Support at https://www.npmjs.com/support for more info.
    peerDependencies:
      react: ^18.0 || ^19.0 || ^19.0.0-rc

  '@react-email/column@0.0.14':
    resolution: {integrity: sha512-f+W+Bk2AjNO77zynE33rHuQhyqVICx4RYtGX9NKsGUg0wWjdGP0qAuIkhx9Rnmk4/hFMo1fUrtYNqca9fwJdHg==}
    engines: {node: '>=20.0.0'}
    deprecated: Package no longer supported. Contact Support at https://www.npmjs.com/support for more info.
    peerDependencies:
      react: ^18.0 || ^19.0 || ^19.0.0-rc

  '@react-email/components@1.0.12':
    resolution: {integrity: sha512-tH18JhPDWgE+3jnYkzyB6ZrZdfNnEsFe4PwmuXmlOw4NGIysP8wPY5aXZg++pTG9qUabXg1nzX/FGHGkObH8xQ==}
    engines: {node: '>=20.0.0'}
    deprecated: Package no longer supported. Contact Support at https://www.npmjs.com/support for more info.
    peerDependencies:
      react: ^18.0 || ^19.0 || ^19.0.0-rc

  '@react-email/container@0.0.16':
    resolution: {integrity: sha512-QWBB56RkkU0AJ9h+qy33gfT5iuZknPC7Un/IjZv9B0QmMIK+WWacc0cH6y2SV5Cv/b99hU94fjEMOOO4enpkbQ==}
    engines: {node: '>=20.0.0'}
    deprecated: Package no longer supported. Contact Support at https://www.npmjs.com/support for more info.
    peerDependencies:
      react: ^18.0 || ^19.0 || ^19.0.0-rc

  '@react-email/font@0.0.10':
    resolution: {integrity: sha512-0urVSgCmQIfx5r7Xc586miBnQUVnGp3OTYUm8m5pwtQRdTRO5XrTtEfNJ3JhYhSOruV0nD8fd+dXtKXobum6tA==}
    engines: {node: '>=20.0.0'}
    deprecated: Package no longer supported. Contact Support at https://www.npmjs.com/support for more info.
    peerDependencies:
      react: ^18.0 || ^19.0 || ^19.0.0-rc

  '@react-email/head@0.0.13':
    resolution: {integrity: sha512-AJg6le/08Gz4tm+6MtKXqtNNyKHzmooOCdmtqmWxD7FxoAdU1eVcizhtQ0gcnVaY6ethEyE/hnEzQxt1zu5Kog==}
    engines: {node: '>=20.0.0'}
    deprecated: Package no longer supported. Contact Support at https://www.npmjs.com/support for more info.
    peerDependencies:
      react: ^18.0 || ^19.0 || ^19.0.0-rc

  '@react-email/heading@0.0.16':
    resolution: {integrity: sha512-jmsKnQm1ykpBzw4hCYHwBkt5pW2jScXffPeEH5ZRF5tZeF5b1pvlFTO9han7C0pCkZYo1kEvWiRtx69yfCIwuw==}
    engines: {node: '>=20.0.0'}
    deprecated: Package no longer supported. Contact Support at https://www.npmjs.com/support for more info.
    peerDependencies:
      react: ^18.0 || ^19.0 || ^19.0.0-rc

  '@react-email/hr@0.0.12':
    resolution: {integrity: sha512-TwmOmBDibavUQpXBxpmZYi2Iks/yeZOzFYh+di9EltMSnEabH8dMZXrl+pxNXzCgZ2XE8HY7VmUL65Lenfu5PA==}
    engines: {node: '>=20.0.0'}
    deprecated: Package no longer supported. Contact Support at https://www.npmjs.com/support for more info.
    peerDependencies:
      react: ^18.0 || ^19.0 || ^19.0.0-rc

  '@react-email/html@0.0.12':
    resolution: {integrity: sha512-KTShZesan+UsreU7PDUV90afrZwU5TLwYlALuCSU0OT+/U8lULNNbAUekg+tGwCnOfIKYtpDPKkAMRdYlqUznw==}
    engines: {node: '>=20.0.0'}
    deprecated: Package no longer supported. Contact Support at https://www.npmjs.com/support for more info.
    peerDependencies:
      react: ^18.0 || ^19.0 || ^19.0.0-rc

  '@react-email/img@0.0.12':
    resolution: {integrity: sha512-sRCpEARNVTf3FQhZOC+JTvu5r6ubiYWkT0ucYXg8ctkyi4G8QG+jgYPiNUqVeTLA2STOfmPM/nrk1nb84y6CPQ==}
    engines: {node: '>=20.0.0'}
    deprecated: Package no longer supported. Contact Support at https://www.npmjs.com/support for more info.
    peerDependencies:
      react: ^18.0 || ^19.0 || ^19.0.0-rc

  '@react-email/link@0.0.13':
    resolution: {integrity: sha512-lkWc/NjOcefRZMkQoSDDbuKBEBDES9aXnFEOuPH845wD3TxPwh+QTf0fStuzjoRLUZWpHnio4z7qGGRYusn/sw==}
    engines: {node: '>=20.0.0'}
    deprecated: Package no longer supported. Contact Support at https://www.npmjs.com/support for more info.
    peerDependencies:
      react: ^18.0 || ^19.0 || ^19.0.0-rc

  '@react-email/markdown@0.0.18':
    resolution: {integrity: sha512-gSuYK5fsMbGk87jDebqQ6fa2fKcWlkf2Dkva8kMONqLgGCq8/0d+ZQYMEJsdidIeBo3kmsnHZPrwdFB4HgjUXg==}
    engines: {node: '>=20.0.0'}
    deprecated: Package no longer supported. Contact Support at https://www.npmjs.com/support for more info.
    peerDependencies:
      react: ^18.0 || ^19.0 || ^19.0.0-rc

  '@react-email/preview@0.0.14':
    resolution: {integrity: sha512-aYK8q0IPkBXyMsbpMXgxazwHxYJxTrXrV95GFuu2HbEiIToMwSyUgb8HDFYwPqqfV03/jbwqlsXmFxsOd+VNaw==}
    engines: {node: '>=20.0.0'}
    deprecated: Package no longer supported. Contact Support at https://www.npmjs.com/support for more info.
    peerDependencies:
      react: ^18.0 || ^19.0 || ^19.0.0-rc

  '@react-email/render@1.1.2':
    resolution: {integrity: sha512-RnRehYN3v9gVlNMehHPHhyp2RQo7+pSkHDtXPvg3s0GbzM9SQMW4Qrf8GRNvtpLC4gsI+Wt0VatNRUFqjvevbw==}
    engines: {node: '>=18.0.0'}
    peerDependencies:
      react: ^18.0 || ^19.0 || ^19.0.0-rc
      react-dom: ^18.0 || ^19.0 || ^19.0.0-rc

  '@react-email/render@2.0.6':
    resolution: {integrity: sha512-xOzaYkH3jLZKqN5MqrTXYnmqBYUnZSVbkxdb5PGGmDcK6sKDVMliaDiSwfXajRC9JtSHTcGc2tmGLHWuCgVpog==}
    engines: {node: '>=20.0.0'}
    peerDependencies:
      react: ^18.0 || ^19.0 || ^19.0.0-rc
      react-dom: ^18.0 || ^19.0 || ^19.0.0-rc

  '@react-email/row@0.0.13':
    resolution: {integrity: sha512-bYnOac40vIKCId7IkwuLAAsa3fKfSfqCvv6epJKmPE0JBuu5qI4FHFCl9o9dVpIIS08s/ub+Y/txoMt0dYziGw==}
    engines: {node: '>=20.0.0'}
    deprecated: Package no longer supported. Contact Support at https://www.npmjs.com/support for more info.
    peerDependencies:
      react: ^18.0 || ^19.0 || ^19.0.0-rc

  '@react-email/section@0.0.17':
    resolution: {integrity: sha512-qNl65ye3W0Rd5udhdORzTV9ezjb+GFqQQSae03NDzXtmJq6sqVXNWNiVolAjvJNypim+zGXmv6J9TcV5aNtE/w==}
    engines: {node: '>=20.0.0'}
    deprecated: Package no longer supported. Contact Support at https://www.npmjs.com/support for more info.
    peerDependencies:
      react: ^18.0 || ^19.0 || ^19.0.0-rc

  '@react-email/tailwind@2.0.7':
    resolution: {integrity: sha512-kGw80weVFXikcnCXbigTGXGWQ0MRCSYNCudcdkWxebkWYd0FG6/NPoN3V1p/u68/4+NxZwYPVi2fhnp0x23HdA==}
    engines: {node: '>=20.0.0'}
    deprecated: Package no longer supported. Contact Support at https://www.npmjs.com/support for more info.
    peerDependencies:
      '@react-email/body': '>=0'
      '@react-email/button': '>=0'
      '@react-email/code-block': '>=0'
      '@react-email/code-inline': '>=0'
      '@react-email/container': '>=0'
      '@react-email/heading': '>=0'
      '@react-email/hr': '>=0'
      '@react-email/img': '>=0'
      '@react-email/link': '>=0'
      '@react-email/preview': '>=0'
      '@react-email/text': '>=0'
      react: ^18.0 || ^19.0 || ^19.0.0-rc
    peerDependenciesMeta:
      '@react-email/body':
        optional: true
      '@react-email/button':
        optional: true
      '@react-email/code-block':
        optional: true
      '@react-email/code-inline':
        optional: true
      '@react-email/container':
        optional: true
      '@react-email/heading':
        optional: true
      '@react-email/hr':
        optional: true
      '@react-email/img':
        optional: true
      '@react-email/link':
        optional: true
      '@react-email/preview':
        optional: true

  '@react-email/text@0.1.6':
    resolution: {integrity: sha512-TYqkioRS45wTR5il3dYk/SbUjjEdhSwh9BtRNB99qNH1pXAwA45H7rAuxehiu8iJQJH0IyIr+6n62gBz9ezmsw==}
    engines: {node: '>=20.0.0'}
    deprecated: Package no longer supported. Contact Support at https://www.npmjs.com/support for more info.
    peerDependencies:
      react: ^18.0 || ^19.0 || ^19.0.0-rc

  '@selderee/plugin-htmlparser2@0.11.0':
    resolution: {integrity: sha512-P33hHGdldxGabLFjPPpaTxVolMrzrcegejx+0GxjrIb9Zv48D8yAIA/QTDR2dFl7Uz7urX8aX6+5bCZslr+gWQ==}

  '@types/node@22.19.17':
    resolution: {integrity: sha512-wGdMcf+vPYM6jikpS/qhg6WiqSV/OhG+jeeHT/KlVqxYfD40iYJf9/AE1uQxVWFvU7MipKRkRv8NSHiCGgPr8Q==}

  '@types/react@19.2.14':
    resolution: {integrity: sha512-ilcTH/UniCkMdtexkoCN0bI7pMcJDvmQFPvuPvmEaYA/NSfFTAgdUSLAoVjaRJm7+6PvcM+q1zYOwS4wTYMF9w==}

  csstype@3.2.3:
    resolution: {integrity: sha512-z1HGKcYy2xA8AGQfwrn0PAy+PB7X/GSj3UVJW9qKyn43xWa+gl5nXmU4qqLMRzWVLFC8KusUX8T/0kCiOYpAIQ==}

  deepmerge@4.3.1:
    resolution: {integrity: sha512-3sUqbMEc77XqpdNO7FRyRog+eW3ph+GYCbj+rK+uYyRMuwsVy0rMiVtPn+QJlKFvWP/1PYpapqYn0Me2knFn+A==}
    engines: {node: '>=0.10.0'}

  dom-serializer@2.0.0:
    resolution: {integrity: sha512-wIkAryiqt/nV5EQKqQpo3SToSOV9J0DnbJqwK7Wv/Trc92zIAYZ4FlMu+JPFW1DfGFt81ZTCGgDEabffXeLyJg==}

  domelementtype@2.3.0:
    resolution: {integrity: sha512-OLETBj6w0OsagBwdXnPdN0cnMfF9opN69co+7ZrbfPGrdpPVNBUj02spi6B1N7wChLQiPn4CSH/zJvXw56gmHw==}

  domhandler@5.0.3:
    resolution: {integrity: sha512-cgwlv/1iFQiFnU96XXgROh8xTeetsnJiDsTc7TYCLFd9+/WNkIqPTxiM/8pSd8VIrhXGTf1Ny1q1hquVqDJB5w==}
    engines: {node: '>= 4'}

  domutils@3.2.2:
    resolution: {integrity: sha512-6kZKyUajlDuqlHKVX1w7gyslj9MPIXzIFiz/rGu35uC1wMi+kMhQwGhl4lt9unC9Vb9INnY9Z3/ZA3+FhASLaw==}

  entities@4.5.0:
    resolution: {integrity: sha512-V0hjH4dGPh9Ao5p0MoRY6BVqtwCjhz6vI5LT8AJ55H+4g9/4vbHx1I54fS0XuclLhDHArPQCiMjDxjaL8fPxhw==}
    engines: {node: '>=0.12'}

  fast-deep-equal@2.0.1:
    resolution: {integrity: sha512-bCK/2Z4zLidyB4ReuIsvALH6w31YfAQDmXMqMx6FyfHqvBxtjC0eRumeSu4Bs3XtXwpyIywtSTrVT99BxY1f9w==}

  html-to-text@9.0.5:
    resolution: {integrity: sha512-qY60FjREgVZL03vJU6IfMV4GDjGBIoOyvuFdpBDIX9yTlDw0TjxVBQp+P8NvpdIXNJvfWBTNul7fsAQJq2FNpg==}
    engines: {node: '>=14'}

  htmlparser2@8.0.2:
    resolution: {integrity: sha512-GYdjWKDkbRLkZ5geuHs5NY1puJ+PXwP7+fHPRz06Eirsb9ugf6d8kkXav6ADhcODhFFPMIXyxkxSuMf3D6NCFA==}

  leac@0.6.0:
    resolution: {integrity: sha512-y+SqErxb8h7nE/fiEX07jsbuhrpO9lL8eca7/Y1nuWV2moNlXhyd59iDGcRf6moVyDMbmTNzL40SUyrFU/yDpg==}

  marked@15.0.12:
    resolution: {integrity: sha512-8dD6FusOQSrpv9Z1rdNMdlSgQOIP880DHqnohobOmYLElGEqAL/JvxvuxZO16r4HtjTlfPRDC1hbvxC9dPN2nA==}
    engines: {node: '>= 18'}
    hasBin: true

  parseley@0.12.1:
    resolution: {integrity: sha512-e6qHKe3a9HWr0oMRVDTRhKce+bRO8VGQR3NyVwcjwrbhMmFCX9KszEV35+rn4AdilFAq9VPxP/Fe1wC9Qjd2lw==}

  peberminta@0.9.0:
    resolution: {integrity: sha512-XIxfHpEuSJbITd1H3EeQwpcZbTLHc+VVr8ANI9t5sit565tsI4/xK3KWTUFE2e6QiangUkh3B0jihzmGnNrRsQ==}

  prettier@3.8.3:
    resolution: {integrity: sha512-7igPTM53cGHMW8xWuVTydi2KO233VFiTNyF5hLJqpilHfmn8C8gPf+PS7dUT64YcXFbiMGZxS9pCSxL/Dxm/Jw==}
    engines: {node: '>=14'}
    hasBin: true

  prismjs@1.30.0:
    resolution: {integrity: sha512-DEvV2ZF2r2/63V+tK8hQvrR2ZGn10srHbXviTlcv7Kpzw8jWiNTqbVgjO3IY8RxrrOUF8VPMQQFysYYYv0YZxw==}
    engines: {node: '>=6'}

  react-dom@19.2.5:
    resolution: {integrity: sha512-J5bAZz+DXMMwW/wV3xzKke59Af6CHY7G4uYLN1OvBcKEsWOs4pQExj86BBKamxl/Ik5bx9whOrvBlSDfWzgSag==}
    peerDependencies:
      react: ^19.2.5

  react-promise-suspense@0.3.4:
    resolution: {integrity: sha512-I42jl7L3Ze6kZaq+7zXWSunBa3b1on5yfvUW6Eo/3fFOj6dZ5Bqmcd264nJbTK/gn1HjjILAjSwnZbV4RpSaNQ==}

  react@19.2.5:
    resolution: {integrity: sha512-llUJLzz1zTUBrskt2pwZgLq59AemifIftw4aB7JxOqf1HY2FDaGDxgwpAPVzHU1kdWabH7FauP4i1oEeer2WCA==}
    engines: {node: '>=0.10.0'}

  resend@4.8.0:
    resolution: {integrity: sha512-R8eBOFQDO6dzRTDmaMEdpqrkmgSjPpVXt4nGfWsZdYOet0kqra0xgbvTES6HmCriZEXbmGk3e0DiGIaLFTFSHA==}
    engines: {node: '>=18'}

  scheduler@0.27.0:
    resolution: {integrity: sha512-eNv+WrVbKu1f3vbYJT/xtiF5syA5HPIMtf9IgY/nKg0sWqzAUEvqY/xm7OcZc/qafLx/iO9FgOmeSAp4v5ti/Q==}

  selderee@0.11.0:
    resolution: {integrity: sha512-5TF+l7p4+OsnP8BCCvSyZiSPc4x4//p5uPwK8TCnVPJYRmU2aYKMpOXvw8zM5a5JvuuCGN1jmsMwuU2W02ukfA==}

  tailwindcss@4.2.2:
    resolution: {integrity: sha512-KWBIxs1Xb6NoLdMVqhbhgwZf2PGBpPEiwOqgI4pFIYbNTfBXiKYyWoTsXgBQ9WFg/OlhnvHaY+AEpW7wSmFo2Q==}

  typescript@5.9.3:
    resolution: {integrity: sha512-jl1vZzPDinLr9eUt3J/t7V6FgNEw9QjvBPdysz9KfQDD41fQrC2Y4vKQdiaUpFT4bXlb1RHhLpp8wtm6M5TgSw==}
    engines: {node: '>=14.17'}
    hasBin: true

  undici-types@6.21.0:
    resolution: {integrity: sha512-iwDZqg0QAGrg9Rav5H4n0M64c3mkR59cJ6wQp+7C4nI0gsmExaedaYLNO44eT4AtBBwjbTiGPMlt2Md0T9H9JQ==}

snapshots:

  '@react-email/body@0.3.0(react@19.2.5)':
    dependencies:
      react: 19.2.5

  '@react-email/button@0.2.1(react@19.2.5)':
    dependencies:
      react: 19.2.5

  '@react-email/code-block@0.2.1(react@19.2.5)':
    dependencies:
      prismjs: 1.30.0
      react: 19.2.5

  '@react-email/code-inline@0.0.6(react@19.2.5)':
    dependencies:
      react: 19.2.5

  '@react-email/column@0.0.14(react@19.2.5)':
    dependencies:
      react: 19.2.5

  '@react-email/components@1.0.12(react-dom@19.2.5(react@19.2.5))(react@19.2.5)':
    dependencies:
      '@react-email/body': 0.3.0(react@19.2.5)
      '@react-email/button': 0.2.1(react@19.2.5)
      '@react-email/code-block': 0.2.1(react@19.2.5)
      '@react-email/code-inline': 0.0.6(react@19.2.5)
      '@react-email/column': 0.0.14(react@19.2.5)
      '@react-email/container': 0.0.16(react@19.2.5)
      '@react-email/font': 0.0.10(react@19.2.5)
      '@react-email/head': 0.0.13(react@19.2.5)
      '@react-email/heading': 0.0.16(react@19.2.5)
      '@react-email/hr': 0.0.12(react@19.2.5)
      '@react-email/html': 0.0.12(react@19.2.5)
      '@react-email/img': 0.0.12(react@19.2.5)
      '@react-email/link': 0.0.13(react@19.2.5)
      '@react-email/markdown': 0.0.18(react@19.2.5)
      '@react-email/preview': 0.0.14(react@19.2.5)
      '@react-email/render': 2.0.6(react-dom@19.2.5(react@19.2.5))(react@19.2.5)
      '@react-email/row': 0.0.13(react@19.2.5)
      '@react-email/section': 0.0.17(react@19.2.5)
      '@react-email/tailwind': 2.0.7(@react-email/body@0.3.0(react@19.2.5))(@react-email/button@0.2.1(react@19.2.5))(@react-email/code-block@0.2.1(react@19.2.5))(@react-email/code-inline@0.0.6(react@19.2.5))(@react-email/container@0.0.16(react@19.2.5))(@react-email/heading@0.0.16(react@19.2.5))(@react-email/hr@0.0.12(react@19.2.5))(@react-email/img@0.0.12(react@19.2.5))(@react-email/link@0.0.13(react@19.2.5))(@react-email/preview@0.0.14(react@19.2.5))(@react-email/text@0.1.6(react@19.2.5))(react@19.2.5)
      '@react-email/text': 0.1.6(react@19.2.5)
      react: 19.2.5
    transitivePeerDependencies:
      - react-dom

  '@react-email/container@0.0.16(react@19.2.5)':
    dependencies:
      react: 19.2.5

  '@react-email/font@0.0.10(react@19.2.5)':
    dependencies:
      react: 19.2.5

  '@react-email/head@0.0.13(react@19.2.5)':
    dependencies:
      react: 19.2.5

  '@react-email/heading@0.0.16(react@19.2.5)':
    dependencies:
      react: 19.2.5

  '@react-email/hr@0.0.12(react@19.2.5)':
    dependencies:
      react: 19.2.5

  '@react-email/html@0.0.12(react@19.2.5)':
    dependencies:
      react: 19.2.5

  '@react-email/img@0.0.12(react@19.2.5)':
    dependencies:
      react: 19.2.5

  '@react-email/link@0.0.13(react@19.2.5)':
    dependencies:
      react: 19.2.5

  '@react-email/markdown@0.0.18(react@19.2.5)':
    dependencies:
      marked: 15.0.12
      react: 19.2.5

  '@react-email/preview@0.0.14(react@19.2.5)':
    dependencies:
      react: 19.2.5

  '@react-email/render@1.1.2(react-dom@19.2.5(react@19.2.5))(react@19.2.5)':
    dependencies:
      html-to-text: 9.0.5
      prettier: 3.8.3
      react: 19.2.5
      react-dom: 19.2.5(react@19.2.5)
      react-promise-suspense: 0.3.4

  '@react-email/render@2.0.6(react-dom@19.2.5(react@19.2.5))(react@19.2.5)':
    dependencies:
      html-to-text: 9.0.5
      prettier: 3.8.3
      react: 19.2.5
      react-dom: 19.2.5(react@19.2.5)

  '@react-email/row@0.0.13(react@19.2.5)':
    dependencies:
      react: 19.2.5

  '@react-email/section@0.0.17(react@19.2.5)':
    dependencies:
      react: 19.2.5

  '@react-email/tailwind@2.0.7(@react-email/body@0.3.0(react@19.2.5))(@react-email/button@0.2.1(react@19.2.5))(@react-email/code-block@0.2.1(react@19.2.5))(@react-email/code-inline@0.0.6(react@19.2.5))(@react-email/container@0.0.16(react@19.2.5))(@react-email/heading@0.0.16(react@19.2.5))(@react-email/hr@0.0.12(react@19.2.5))(@react-email/img@0.0.12(react@19.2.5))(@react-email/link@0.0.13(react@19.2.5))(@react-email/preview@0.0.14(react@19.2.5))(@react-email/text@0.1.6(react@19.2.5))(react@19.2.5)':
    dependencies:
      '@react-email/text': 0.1.6(react@19.2.5)
      react: 19.2.5
      tailwindcss: 4.2.2
    optionalDependencies:
      '@react-email/body': 0.3.0(react@19.2.5)
      '@react-email/button': 0.2.1(react@19.2.5)
      '@react-email/code-block': 0.2.1(react@19.2.5)
      '@react-email/code-inline': 0.0.6(react@19.2.5)
      '@react-email/container': 0.0.16(react@19.2.5)
      '@react-email/heading': 0.0.16(react@19.2.5)
      '@react-email/hr': 0.0.12(react@19.2.5)
      '@react-email/img': 0.0.12(react@19.2.5)
      '@react-email/link': 0.0.13(react@19.2.5)
      '@react-email/preview': 0.0.14(react@19.2.5)

  '@react-email/text@0.1.6(react@19.2.5)':
    dependencies:
      react: 19.2.5

  '@selderee/plugin-htmlparser2@0.11.0':
    dependencies:
      domhandler: 5.0.3
      selderee: 0.11.0

  '@types/node@22.19.17':
    dependencies:
      undici-types: 6.21.0

  '@types/react@19.2.14':
    dependencies:
      csstype: 3.2.3

  csstype@3.2.3: {}

  deepmerge@4.3.1: {}

  dom-serializer@2.0.0:
    dependencies:
      domelementtype: 2.3.0
      domhandler: 5.0.3
      entities: 4.5.0

  domelementtype@2.3.0: {}

  domhandler@5.0.3:
    dependencies:
      domelementtype: 2.3.0

  domutils@3.2.2:
    dependencies:
      dom-serializer: 2.0.0
      domelementtype: 2.3.0
      domhandler: 5.0.3

  entities@4.5.0: {}

  fast-deep-equal@2.0.1: {}

  html-to-text@9.0.5:
    dependencies:
      '@selderee/plugin-htmlparser2': 0.11.0
      deepmerge: 4.3.1
      dom-serializer: 2.0.0
      htmlparser2: 8.0.2
      selderee: 0.11.0

  htmlparser2@8.0.2:
    dependencies:
      domelementtype: 2.3.0
      domhandler: 5.0.3
      domutils: 3.2.2
      entities: 4.5.0

  leac@0.6.0: {}

  marked@15.0.12: {}

  parseley@0.12.1:
    dependencies:
      leac: 0.6.0
      peberminta: 0.9.0

  peberminta@0.9.0: {}

  prettier@3.8.3: {}

  prismjs@1.30.0: {}

  react-dom@19.2.5(react@19.2.5):
    dependencies:
      react: 19.2.5
      scheduler: 0.27.0

  react-promise-suspense@0.3.4:
    dependencies:
      fast-deep-equal: 2.0.1

  react@19.2.5: {}

  resend@4.8.0(react-dom@19.2.5(react@19.2.5))(react@19.2.5):
    dependencies:
      '@react-email/render': 1.1.2(react-dom@19.2.5(react@19.2.5))(react@19.2.5)
    transitivePeerDependencies:
      - react
      - react-dom

  scheduler@0.27.0: {}

  selderee@0.11.0:
    dependencies:
      parseley: 0.12.1

  tailwindcss@4.2.2: {}

  typescript@5.9.3: {}

  undici-types@6.21.0: {}
